
Microsoft Visual Studio Solution File, Format Version 12.00
# Visual Studio 15
VisualStudioVersion = 15.0.27130.0
MinimumVisualStudioVersion = 10.0.40219.1
Project("{9A19103F-16F7-4668-BE54-9A1E7A4F7556}") = "BookCook", "BookCook\BookCook.csproj", "{4AA4E6A0-2841-4B24-B853-CBB52263CD05}"
EndProject
Project("{9A19103F-16F7-4668-BE54-9A1E7A4F7556}") = "DataLayer", "DataLayer\DataLayer.csproj", "{CA12C262-E61E-49D6-871E-BC937E5D5ED8}"
EndProject
Project("{FAE04EC0-301F-11D3-BF4B-00C04F79EFBC}") = "API", "API\API.csproj", "{B305328F-4C3E-4F89-A3B5-A99EA8009FDD}"
EndProject
Global
	GlobalSection(SolutionConfigurationPlatforms) = preSolution
		Debug|Any CPU = Debug|Any CPU
		Release|Any CPU = Release|Any CPU
	EndGlobalSection
	GlobalSection(ProjectConfigurationPlatforms) = postSolution
		{4AA4E6A0-2841-4B24-B853-CBB52263CD05}.Debug|Any CPU.ActiveCfg = Debug|Any CPU
		{4AA4E6A0-2841-4B24-B853-CBB52263CD05}.Debug|Any CPU.Build.0 = Debug|Any CPU
		{4AA4E6A0-2841-4B24-B853-CBB52263CD05}.Release|Any CPU.ActiveCfg = Release|Any CPU
		{4AA4E6A0-2841-4B24-B853-CBB52263CD05}.Release|Any CPU.Build.0 = Release|Any CPU
		{CA12C262-E61E-49D6-871E-BC937E5D5ED8}.Debug|Any CPU.ActiveCfg = Debug|Any CPU
		{CA12C262-E61E-49D6-871E-BC937E5D5ED8}.Debug|Any CPU.Build.0 = Debug|Any CPU
		{CA12C262-E61E-49D6-871E-BC937E5D5ED8}.Release|Any CPU.ActiveCfg = Release|Any CPU
		{CA12C262-E61E-49D6-871E-BC937E5D5ED8}.Release|Any CPU.Build.0 = Release|Any CPU
		{B305328F-4C3E-4F89-A3B5-A99EA8009FDD}.Debug|Any CPU.ActiveCfg = Debug|Any CPU
		{B305328F-4C3E-4F89-A3B5-A99EA8009FDD}.Debug|Any CPU.Build.0 = Debug|Any CPU
		{B305328F-4C3E-4F89-A3B5-A99EA8009FDD}.Release|Any CPU.ActiveCfg = Release|Any CPU
		{B305328F-4C3E-4F89-A3B5-A99EA8009FDD}.Release|Any CPU.Build.0 = Release|Any CPU
	EndGlobalSection
	GlobalSection(SolutionProperties) = preSolution
		HideSolutionNode = FALSE
	EndGlobalSection
	GlobalSection(ExtensibilityGlobals) = postSolution
		SolutionGuid = {5944407B-C048-4725-B23D-8E63EC3E3CEE}
	EndGlobalSection
EndGlobal
